
Microsoft Visual Studio Solution File, Format Version 12.00
# Visual Studio Version 16
VisualStudioVersion = 16.0.29911.84
MinimumVisualStudioVersion = 10.0.40219.1
Project("{8BC9CEB8-8B4A-11D0-8D11-00A0C91BC942}") = "ColoRat09", "ColoRat09\ColoRat09.vcxproj", "{9564B57B-6DE6-4902-8922-0B7964E6DEAE}"
EndProject
Global
	GlobalSection(SolutionConfigurationPlatforms) = preSolution
		Debug|x64 = Debug|x64
		Debug|x86 = Debug|x86
		Release|x64 = Release|x64
		Release|x86 = Release|x86
	EndGlobalSection
	GlobalSection(ProjectConfigurationPlatforms) = postSolution
		{9564B57B-6DE6-4902-8922-0B7964E6DEAE}.Debug|x64.ActiveCfg = Debug|x64
		{9564B57B-6DE6-4902-8922-0B7964E6DEAE}.Debug|x64.Build.0 = Debug|x64
		{9564B57B-6DE6-4902-8922-0B7964E6DEAE}.Debug|x86.ActiveCfg = Debug|Win32
		{9564B57B-6DE6-4902-8922-0B7964E6DEAE}.Debug|x86.Build.0 = Debug|Win32
		{9564B57B-6DE6-4902-8922-0B7964E6DEAE}.Release|x64.ActiveCfg = Release|x64
		{9564B57B-6DE6-4902-8922-0B7964E6DEAE}.Release|x64.Build.0 = Release|x64
		{9564B57B-6DE6-4902-8922-0B7964E6DEAE}.Release|x86.ActiveCfg = Release|Win32
		{9564B57B-6DE6-4902-8922-0B7964E6DEAE}.Release|x86.Build.0 = Release|Win32
	EndGlobalSection
	GlobalSection(SolutionProperties) = preSolution
		HideSolutionNode = FALSE
	EndGlobalSection
	GlobalSection(ExtensibilityGlobals) = postSolution
		SolutionGuid = {1A2B01A4-23DC-415B-A544-056189BF4107}
	EndGlobalSection
EndGlobal
